{
  "name": "二手交易",
  "lockfileVersion": 2,
  "requires": true,
  "packages": {
    "": {
      "dependencies": {
        "@wangeditor/editor": "^5.1.14",
        "@wangeditor/editor-for-vue": "^1.0.2"
      }
    },
    "node_modules/@babel/parser": {
      "version": "7.18.11",
      "resolved": "https://registry.npmjs.org/@babel/parser/-/parser-7.18.11.tgz",
      "integrity": "sha512-9JKn5vN+hDt0Hdqn1PiJ2guflwP+B6Ga8qbDuoF0PzzVhrzsKIJo8yGqVk6CmMHiMei9w1C1Bp9IMJSIK+HPIQ==",
      "peer": true,
      "bin": {
        "parser": "bin/babel-parser.js"
      },
      "engines": {
        "node": ">=6.0.0"
      }
    },
    "node_modules/@babel/runtime": {
      "version": "7.18.9",
      "resolved": "https://registry.npmjs.org/@babel/runtime/-/runtime-7.18.9.tgz",
      "integrity": "sha512-lkqXDcvlFT5rvEjiu6+QYO+1GXrEHRo2LOtS7E4GtX5ESIZOgepqsZBVIj6Pv+a6zqsya9VCgiK1KAK4BvJDAw==",
      "dependencies": {
        "regenerator-runtime": "^0.13.4"
      },
      "engines": {
        "node": ">=6.9.0"
      }
    },
    "node_modules/@transloadit/prettier-bytes": {
      "version": "0.0.7",
      "resolved": "https://registry.npmjs.org/@transloadit/prettier-bytes/-/prettier-bytes-0.0.7.tgz",
      "integrity": "sha512-VeJbUb0wEKbcwaSlj5n+LscBl9IPgLPkHVGBkh00cztv6X4L/TJXK58LzFuBKX7/GAfiGhIwH67YTLTlzvIzBA=="
    },
    "node_modules/@types/event-emitter": {
      "version": "0.3.3",
      "resolved": "https://registry.npmjs.org/@types/event-emitter/-/event-emitter-0.3.3.tgz",
      "integrity": "sha512-UfnOK1pIxO7P+EgPRZXD9jMpimd8QEFcEZ5R67R1UhGbv4zghU5+NE7U8M8G9H5Jc8FI51rqDWQs6FtUfq2e/Q=="
    },
    "node_modules/@uppy/companion-client": {
      "version": "2.2.1",
      "resolved": "https://registry.npmjs.org/@uppy/companion-client/-/companion-client-2.2.1.tgz",
      "integrity": "sha512-Y3E10NJLMfp/wjgthNhx3gJtT67fzFCPNPFwpNNRs5iJsW6PANhJ420eyMUFzfmEZ56ZzGYxr5pzJZx8YxHICQ==",
      "dependencies": {
        "@uppy/utils": "^4.1.0",
        "namespace-emitter": "^2.0.1"
      }
    },
    "node_modules/@uppy/core": {
      "version": "2.3.2",
      "resolved": "https://registry.npmjs.org/@uppy/core/-/core-2.3.2.tgz",
      "integrity": "sha512-CHNWn5B9trBw28SWO/BQnQzhKne/U5npSnfK9SZfnAL4A/nTFX9jrznBkmS8wulVarDpavfj8+BA9kjzExFBfg==",
      "dependencies": {
        "@transloadit/prettier-bytes": "0.0.7",
        "@uppy/store-default": "^2.1.0",
        "@uppy/utils": "^4.1.0",
        "lodash.throttle": "^4.1.1",
        "mime-match": "^1.0.2",
        "namespace-emitter": "^2.0.1",
        "nanoid": "^3.1.25",
        "preact": "^10.5.13"
      }
    },
    "node_modules/@uppy/store-default": {
      "version": "2.1.0",
      "resolved": "https://registry.npmjs.org/@uppy/store-default/-/store-default-2.1.0.tgz",
      "integrity": "sha512-BkcR1wGw6Kwbvr8m1tKF9EDDWSTJoTGnVseBF/iW4bzR22assbtxZIE1iroo68UMqYEG4rv63SX4BUEtNvVjdA=="
    },
    "node_modules/@uppy/utils": {
      "version": "4.1.0",
      "resolved": "https://registry.npmjs.org/@uppy/utils/-/utils-4.1.0.tgz",
      "integrity": "sha512-C47DUl4uLzmQZdW+VmetIgGRurXuPsvb+/pyYqh9DJn0Phep8u7AOj/tlJA5CHv4pefNHsFjXpaWfSUG3HtW3A==",
      "dependencies": {
        "lodash.throttle": "^4.1.1"
      }
    },
    "node_modules/@uppy/xhr-upload": {
      "version": "2.1.2",
      "resolved": "https://registry.npmjs.org/@uppy/xhr-upload/-/xhr-upload-2.1.2.tgz",
      "integrity": "sha512-VCsb7J5yHsof49nnUa+Y1n27UMtqHPttQmmoCa5hmjqa9R7ZISpBkXKOQmZo526eopKNuAKSAdkHWfCm8efJTA==",
      "dependencies": {
        "@uppy/companion-client": "^2.2.1",
        "@uppy/utils": "^4.1.0",
        "nanoid": "^3.1.25"
      },
      "peerDependencies": {
        "@uppy/core": "^2.3.1"
      }
    },
    "node_modules/@vue/compiler-sfc": {
      "version": "2.7.8",
      "resolved": "https://registry.npmjs.org/@vue/compiler-sfc/-/compiler-sfc-2.7.8.tgz",
      "integrity": "sha512-2DK4YWKfgLnW9VDR9gnju1gcYRk3flKj8UNsms7fsRmFcg35slVTZEkqwBtX+wJBXaamFfn6NxSsZh3h12Ix/Q==",
      "peer": true,
      "dependencies": {
        "@babel/parser": "^7.18.4",
        "postcss": "^8.4.14",
        "source-map": "^0.6.1"
      }
    },
    "node_modules/@wangeditor/basic-modules": {
      "version": "1.1.3",
      "resolved": "https://registry.npmjs.org/@wangeditor/basic-modules/-/basic-modules-1.1.3.tgz",
      "integrity": "sha512-TGJix4UelO46yAgwI946ctx4lSIJbYBwNvjSJ9Tf8mKr0WMCeLVBV+MV85rXPsfcmWtR4wBNwSg648Z+RbqRUg==",
      "dependencies": {
        "is-url": "^1.2.4"
      },
      "peerDependencies": {
        "@wangeditor/core": "1.x",
        "dom7": "^3.0.0",
        "lodash.throttle": "^4.1.1",
        "nanoid": "^3.2.0",
        "slate": "^0.72.0",
        "snabbdom": "^3.1.0"
      }
    },
    "node_modules/@wangeditor/code-highlight": {
      "version": "1.0.2",
      "resolved": "https://registry.npmjs.org/@wangeditor/code-highlight/-/code-highlight-1.0.2.tgz",
      "integrity": "sha512-SCtOcUxjKqIso/LSxGSOaYr3G6MC2En0gNTyHIMCG928T0fo0ufaqp/vIXKQzVL2Y+X/CSAOB2EbrFlgGvr0AQ==",
      "dependencies": {
        "prismjs": "^1.23.0"
      },
      "peerDependencies": {
        "@wangeditor/core": "1.x",
        "dom7": "^3.0.0",
        "slate": "^0.72.0",
        "snabbdom": "^3.1.0"
      }
    },
    "node_modules/@wangeditor/core": {
      "version": "1.1.11",
      "resolved": "https://registry.npmjs.org/@wangeditor/core/-/core-1.1.11.tgz",
      "integrity": "sha512-BwHVRJzESnkjKikTc2U2zsbd06l1pSo7qKy5+SpZLudYWrFxmd85VN+5GxM57FodogkNw/k04DFHcFSUfXcaKA==",
      "dependencies": {
        "@types/event-emitter": "^0.3.3",
        "event-emitter": "^0.3.5",
        "html-void-elements": "^2.0.0",
        "i18next": "^20.4.0",
        "scroll-into-view-if-needed": "^2.2.28",
        "slate-history": "^0.66.0"
      },
      "peerDependencies": {
        "@uppy/core": "^2.1.1",
        "@uppy/xhr-upload": "^2.0.3",
        "dom7": "^3.0.0",
        "is-hotkey": "^0.2.0",
        "lodash.camelcase": "^4.3.0",
        "lodash.clonedeep": "^4.5.0",
        "lodash.debounce": "^4.0.8",
        "lodash.foreach": "^4.5.0",
        "lodash.isequal": "^4.5.0",
        "lodash.throttle": "^4.1.1",
        "lodash.toarray": "^4.4.0",
        "nanoid": "^3.2.0",
        "slate": "^0.72.0",
        "snabbdom": "^3.1.0"
      }
    },
    "node_modules/@wangeditor/editor": {
      "version": "5.1.14",
      "resolved": "https://registry.npmjs.org/@wangeditor/editor/-/editor-5.1.14.tgz",
      "integrity": "sha512-erILPAkpKldyGi4cEwrOW65v12GhZy2qj2A8kPlypU46lE72Y3XowZxWogN1TI/mqMDR84AHr0QWOvygOV1xwQ==",
      "dependencies": {
        "@uppy/core": "^2.1.1",
        "@uppy/xhr-upload": "^2.0.3",
        "@wangeditor/basic-modules": "^1.1.3",
        "@wangeditor/code-highlight": "^1.0.2",
        "@wangeditor/core": "^1.1.11",
        "@wangeditor/list-module": "^1.0.2",
        "@wangeditor/table-module": "^1.1.1",
        "@wangeditor/upload-image-module": "^1.0.1",
        "@wangeditor/video-module": "^1.1.1",
        "dom7": "^3.0.0",
        "is-hotkey": "^0.2.0",
        "lodash.camelcase": "^4.3.0",
        "lodash.clonedeep": "^4.5.0",
        "lodash.debounce": "^4.0.8",
        "lodash.foreach": "^4.5.0",
        "lodash.isequal": "^4.5.0",
        "lodash.throttle": "^4.1.1",
        "lodash.toarray": "^4.4.0",
        "nanoid": "^3.2.0",
        "slate": "^0.72.0",
        "snabbdom": "^3.1.0"
      }
    },
    "node_modules/@wangeditor/editor-for-vue": {
      "version": "1.0.2",
      "resolved": "https://registry.npmjs.org/@wangeditor/editor-for-vue/-/editor-for-vue-1.0.2.tgz",
      "integrity": "sha512-BOENvAXJVtVXlE2X50AAvjV82YlCUeu5cbeR0cvEQHQjYtiVnJtq7HSoj85r2kTgGouI5OrpJG9BBEjSjUSPyA==",
      "peerDependencies": {
        "@wangeditor/editor": ">=5.1.0",
        "vue": "^2.6.14"
      }
    },
    "node_modules/@wangeditor/list-module": {
      "version": "1.0.2",
      "resolved": "https://registry.npmjs.org/@wangeditor/list-module/-/list-module-1.0.2.tgz",
      "integrity": "sha512-VfENZEFvsLTiLxN/cj8cibFGy9NVV+/cfATTiLiH9ef+8lgKv8apttXYVlqIAfnlJLLuCk0cIm8c/zH+hbtrZg==",
      "peerDependencies": {
        "@wangeditor/core": "1.x",
        "dom7": "^3.0.0",
        "slate": "^0.72.0",
        "snabbdom": "^3.1.0"
      }
    },
    "node_modules/@wangeditor/table-module": {
      "version": "1.1.1",
      "resolved": "https://registry.npmjs.org/@wangeditor/table-module/-/table-module-1.1.1.tgz",
      "integrity": "sha512-VPjEWQtncS2DsXYXiHUxPSxn2Xhc8GdhG3la7N5YhvxQde1+4N0SZLXeWsYvbGzOq4um5XToq5pktLLbE8G+EA==",
      "peerDependencies": {
        "@wangeditor/core": "1.x",
        "dom7": "^3.0.0",
        "lodash.isequal": "^4.5.0",
        "lodash.throttle": "^4.1.1",
        "nanoid": "^3.2.0",
        "slate": "^0.72.0",
        "snabbdom": "^3.1.0"
      }
    },
    "node_modules/@wangeditor/upload-image-module": {
      "version": "1.0.1",
      "resolved": "https://registry.npmjs.org/@wangeditor/upload-image-module/-/upload-image-module-1.0.1.tgz",
      "integrity": "sha512-vgUV4ENttTITblqtVuzleIq732OmzmzzgrIvX6b3GRGPSw5u8glJ/87tOEhvHjHECc4oFo18B7xzJ1GpBj79/w==",
      "peerDependencies": {
        "@uppy/core": "^2.0.3",
        "@uppy/xhr-upload": "^2.0.3",
        "@wangeditor/basic-modules": "1.x",
        "@wangeditor/core": "1.x",
        "dom7": "^3.0.0",
        "lodash.foreach": "^4.5.0",
        "slate": "^0.72.0",
        "snabbdom": "^3.1.0"
      }
    },
    "node_modules/@wangeditor/video-module": {
      "version": "1.1.1",
      "resolved": "https://registry.npmjs.org/@wangeditor/video-module/-/video-module-1.1.1.tgz",
      "integrity": "sha512-6gzpS5cnJihW2T0HFjqmbv6v8ouyaeMUjdM2X8BPohwD74p1ov00dCmRt5QekNTyYSmRHK0ASkUMOvRGqaDxMg==",
      "peerDependencies": {
        "@uppy/core": "^2.1.4",
        "@uppy/xhr-upload": "^2.0.7",
        "@wangeditor/core": "1.x",
        "dom7": "^3.0.0",
        "nanoid": "^3.2.0",
        "slate": "^0.72.0",
        "snabbdom": "^3.1.0"
      }
    },
    "node_modules/compute-scroll-into-view": {
      "version": "1.0.17",
      "resolved": "https://registry.npmjs.org/compute-scroll-into-view/-/compute-scroll-into-view-1.0.17.tgz",
      "integrity": "sha512-j4dx+Fb0URmzbwwMUrhqWM2BEWHdFGx+qZ9qqASHRPqvTYdqvWnHg0H1hIbcyLnvgnoNAVMlwkepyqM3DaIFUg=="
    },
    "node_modules/csstype": {
      "version": "3.1.0",
      "resolved": "https://registry.npmjs.org/csstype/-/csstype-3.1.0.tgz",
      "integrity": "sha512-uX1KG+x9h5hIJsaKR9xHUeUraxf8IODOwq9JLNPq6BwB04a/xgpq3rcx47l5BZu5zBPlgD342tdke3Hom/nJRA==",
      "peer": true
    },
    "node_modules/d": {
      "version": "1.0.1",
      "resolved": "https://registry.npmjs.org/d/-/d-1.0.1.tgz",
      "integrity": "sha512-m62ShEObQ39CfralilEQRjH6oAMtNCV1xJyEx5LpRYUVN+EviphDgUc/F3hnYbADmkiNs67Y+3ylmlG7Lnu+FA==",
      "dependencies": {
        "es5-ext": "^0.10.50",
        "type": "^1.0.1"
      }
    },
    "node_modules/dom7": {
      "version": "3.0.0",
      "resolved": "https://registry.npmjs.org/dom7/-/dom7-3.0.0.tgz",
      "integrity": "sha512-oNlcUdHsC4zb7Msx7JN3K0Nro1dzJ48knvBOnDPKJ2GV9wl1i5vydJZUSyOfrkKFDZEud/jBsTk92S/VGSAe/g==",
      "dependencies": {
        "ssr-window": "^3.0.0-alpha.1"
      }
    },
    "node_modules/es5-ext": {
      "version": "0.10.62",
      "resolved": "https://registry.npmjs.org/es5-ext/-/es5-ext-0.10.62.tgz",
      "integrity": "sha512-BHLqn0klhEpnOKSrzn/Xsz2UIW8j+cGmo9JLzr8BiUapV8hPL9+FliFqjwr9ngW7jWdnxv6eO+/LqyhJVqgrjA==",
      "hasInstallScript": true,
      "dependencies": {
        "es6-iterator": "^2.0.3",
        "es6-symbol": "^3.1.3",
        "next-tick": "^1.1.0"
      },
      "engines": {
        "node": ">=0.10"
      }
    },
    "node_modules/es6-iterator": {
      "version": "2.0.3",
      "resolved": "https://registry.npmjs.org/es6-iterator/-/es6-iterator-2.0.3.tgz",
      "integrity": "sha512-zw4SRzoUkd+cl+ZoE15A9o1oQd920Bb0iOJMQkQhl3jNc03YqVjAhG7scf9C5KWRU/R13Orf588uCC6525o02g==",
      "dependencies": {
        "d": "1",
        "es5-ext": "^0.10.35",
        "es6-symbol": "^3.1.1"
      }
    },
    "node_modules/es6-symbol": {
      "version": "3.1.3",
      "resolved": "https://registry.npmjs.org/es6-symbol/-/es6-symbol-3.1.3.tgz",
      "integrity": "sha512-NJ6Yn3FuDinBaBRWl/q5X/s4koRHBrgKAu+yGI6JCBeiu3qrcbJhwT2GeR/EXVfylRk8dpQVJoLEFhK+Mu31NA==",
      "dependencies": {
        "d": "^1.0.1",
        "ext": "^1.1.2"
      }
    },
    "node_modules/event-emitter": {
      "version": "0.3.5",
      "resolved": "https://registry.npmjs.org/event-emitter/-/event-emitter-0.3.5.tgz",
      "integrity": "sha512-D9rRn9y7kLPnJ+hMq7S/nhvoKwwvVJahBi2BPmx3bvbsEdK3W9ii8cBSGjP+72/LnM4n6fo3+dkCX5FeTQruXA==",
      "dependencies": {
        "d": "1",
        "es5-ext": "~0.10.14"
      }
    },
    "node_modules/ext": {
      "version": "1.6.0",
      "resolved": "https://registry.npmjs.org/ext/-/ext-1.6.0.tgz",
      "integrity": "sha512-sdBImtzkq2HpkdRLtlLWDa6w4DX22ijZLKx8BMPUuKe1c5lbN6xwQDQCxSfxBQnHZ13ls/FH0MQZx/q/gr6FQg==",
      "dependencies": {
        "type": "^2.5.0"
      }
    },
    "node_modules/ext/node_modules/type": {
      "version": "2.7.2",
      "resolved": "https://registry.npmjs.org/type/-/type-2.7.2.tgz",
      "integrity": "sha512-dzlvlNlt6AXU7EBSfpAscydQ7gXB+pPGsPnfJnZpiNJBDj7IaJzQlBZYGdEi4R9HmPdBv2XmWJ6YUtoTa7lmCw=="
    },
    "node_modules/html-void-elements": {
      "version": "2.0.1",
      "resolved": "https://registry.npmjs.org/html-void-elements/-/html-void-elements-2.0.1.tgz",
      "integrity": "sha512-0quDb7s97CfemeJAnW9wC0hw78MtW7NU3hqtCD75g2vFlDLt36llsYD7uB7SUzojLMP24N5IatXf7ylGXiGG9A==",
      "funding": {
        "type": "github",
        "url": "https://github.com/sponsors/wooorm"
      }
    },
    "node_modules/i18next": {
      "version": "20.6.1",
      "resolved": "https://registry.npmjs.org/i18next/-/i18next-20.6.1.tgz",
      "integrity": "sha512-yCMYTMEJ9ihCwEQQ3phLo7I/Pwycf8uAx+sRHwwk5U9Aui/IZYgQRyMqXafQOw5QQ7DM1Z+WyEXWIqSuJHhG2A==",
      "dependencies": {
        "@babel/runtime": "^7.12.0"
      }
    },
    "node_modules/immer": {
      "version": "9.0.15",
      "resolved": "https://registry.npmjs.org/immer/-/immer-9.0.15.tgz",
      "integrity": "sha512-2eB/sswms9AEUSkOm4SbV5Y7Vmt/bKRwByd52jfLkW4OLYeaTP3EEiJ9agqU0O/tq6Dk62Zfj+TJSqfm1rLVGQ==",
      "funding": {
        "type": "opencollective",
        "url": "https://opencollective.com/immer"
      }
    },
    "node_modules/is-hotkey": {
      "version": "0.2.0",
      "resolved": "https://registry.npmjs.org/is-hotkey/-/is-hotkey-0.2.0.tgz",
      "integrity": "sha512-UknnZK4RakDmTgz4PI1wIph5yxSs/mvChWs9ifnlXsKuXgWmOkY/hAE0H/k2MIqH0RlRye0i1oC07MCRSD28Mw=="
    },
    "node_modules/is-plain-object": {
      "version": "5.0.0",
      "resolved": "https://registry.npmjs.org/is-plain-object/-/is-plain-object-5.0.0.tgz",
      "integrity": "sha512-VRSzKkbMm5jMDoKLbltAkFQ5Qr7VDiTFGXxYFXXowVj387GeGNOCsOH6Msy00SGZ3Fp84b1Naa1psqgcCIEP5Q==",
      "engines": {
        "node": ">=0.10.0"
      }
    },
    "node_modules/is-url": {
      "version": "1.2.4",
      "resolved": "https://registry.npmjs.org/is-url/-/is-url-1.2.4.tgz",
      "integrity": "sha512-ITvGim8FhRiYe4IQ5uHSkj7pVaPDrCTkNd3yq3cV7iZAcJdHTUMPMEHcqSOy9xZ9qFenQCvi+2wjH9a1nXqHww=="
    },
    "node_modules/lodash.camelcase": {
      "version": "4.3.0",
      "resolved": "https://registry.npmjs.org/lodash.camelcase/-/lodash.camelcase-4.3.0.tgz",
      "integrity": "sha512-TwuEnCnxbc3rAvhf/LbG7tJUDzhqXyFnv3dtzLOPgCG/hODL7WFnsbwktkD7yUV0RrreP/l1PALq/YSg6VvjlA=="
    },
    "node_modules/lodash.clonedeep": {
      "version": "4.5.0",
      "resolved": "https://registry.npmjs.org/lodash.clonedeep/-/lodash.clonedeep-4.5.0.tgz",
      "integrity": "sha512-H5ZhCF25riFd9uB5UCkVKo61m3S/xZk1x4wA6yp/L3RFP6Z/eHH1ymQcGLo7J3GMPfm0V/7m1tryHuGVxpqEBQ=="
    },
    "node_modules/lodash.debounce": {
      "version": "4.0.8",
      "resolved": "https://registry.npmjs.org/lodash.debounce/-/lodash.debounce-4.0.8.tgz",
      "integrity": "sha512-FT1yDzDYEoYWhnSGnpE/4Kj1fLZkDFyqRb7fNt6FdYOSxlUWAtp42Eh6Wb0rGIv/m9Bgo7x4GhQbm5Ys4SG5ow=="
    },
    "node_modules/lodash.foreach": {
      "version": "4.5.0",
      "resolved": "https://registry.npmjs.org/lodash.foreach/-/lodash.foreach-4.5.0.tgz",
      "integrity": "sha512-aEXTF4d+m05rVOAUG3z4vZZ4xVexLKZGF0lIxuHZ1Hplpk/3B6Z1+/ICICYRLm7c41Z2xiejbkCkJoTlypoXhQ=="
    },
    "node_modules/lodash.isequal": {
      "version": "4.5.0",
      "resolved": "https://registry.npmjs.org/lodash.isequal/-/lodash.isequal-4.5.0.tgz",
      "integrity": "sha512-pDo3lu8Jhfjqls6GkMgpahsF9kCyayhgykjyLMNFTKWrpVdAQtYyB4muAMWozBB4ig/dtWAmsMxLEI8wuz+DYQ=="
    },
    "node_modules/lodash.throttle": {
      "version": "4.1.1",
      "resolved": "https://registry.npmjs.org/lodash.throttle/-/lodash.throttle-4.1.1.tgz",
      "integrity": "sha512-wIkUCfVKpVsWo3JSZlc+8MB5it+2AN5W8J7YVMST30UrvcQNZ1Okbj+rbVniijTWE6FGYy4XJq/rHkas8qJMLQ=="
    },
    "node_modules/lodash.toarray": {
      "version": "4.4.0",
      "resolved": "https://registry.npmjs.org/lodash.toarray/-/lodash.toarray-4.4.0.tgz",
      "integrity": "sha512-QyffEA3i5dma5q2490+SgCvDN0pXLmRGSyAANuVi0HQ01Pkfr9fuoKQW8wm1wGBnJITs/mS7wQvS6VshUEBFCw=="
    },
    "node_modules/mime-match": {
      "version": "1.0.2",
      "resolved": "https://registry.npmjs.org/mime-match/-/mime-match-1.0.2.tgz",
      "integrity": "sha512-VXp/ugGDVh3eCLOBCiHZMYWQaTNUHv2IJrut+yXA6+JbLPXHglHwfS/5A5L0ll+jkCY7fIzRJcH6OIunF+c6Cg==",
      "dependencies": {
        "wildcard": "^1.1.0"
      }
    },
    "node_modules/namespace-emitter": {
      "version": "2.0.1",
      "resolved": "https://registry.npmjs.org/namespace-emitter/-/namespace-emitter-2.0.1.tgz",
      "integrity": "sha512-N/sMKHniSDJBjfrkbS/tpkPj4RAbvW3mr8UAzvlMHyun93XEm83IAvhWtJVHo+RHn/oO8Job5YN4b+wRjSVp5g=="
    },
    "node_modules/nanoid": {
      "version": "3.3.4",
      "resolved": "https://registry.npmjs.org/nanoid/-/nanoid-3.3.4.tgz",
      "integrity": "sha512-MqBkQh/OHTS2egovRtLk45wEyNXwF+cokD+1YPf9u5VfJiRdAiRwB2froX5Co9Rh20xs4siNPm8naNotSD6RBw==",
      "bin": {
        "nanoid": "bin/nanoid.cjs"
      },
      "engines": {
        "node": "^10 || ^12 || ^13.7 || ^14 || >=15.0.1"
      }
    },
    "node_modules/next-tick": {
      "version": "1.1.0",
      "resolved": "https://registry.npmjs.org/next-tick/-/next-tick-1.1.0.tgz",
      "integrity": "sha512-CXdUiJembsNjuToQvxayPZF9Vqht7hewsvy2sOWafLvi2awflj9mOC6bHIg50orX8IJvWKY9wYQ/zB2kogPslQ=="
    },
    "node_modules/picocolors": {
      "version": "1.0.0",
      "resolved": "https://registry.npmjs.org/picocolors/-/picocolors-1.0.0.tgz",
      "integrity": "sha512-1fygroTLlHu66zi26VoTDv8yRgm0Fccecssto+MhsZ0D/DGW2sm8E8AjW7NU5VVTRt5GxbeZ5qBuJr+HyLYkjQ==",
      "peer": true
    },
    "node_modules/postcss": {
      "version": "8.4.16",
      "resolved": "https://registry.npmjs.org/postcss/-/postcss-8.4.16.tgz",
      "integrity": "sha512-ipHE1XBvKzm5xI7hiHCZJCSugxvsdq2mPnsq5+UF+VHCjiBvtDrlxJfMBToWaP9D5XlgNmcFGqoHmUn0EYEaRQ==",
      "funding": [
        {
          "type": "opencollective",
          "url": "https://opencollective.com/postcss/"
        },
        {
          "type": "tidelift",
          "url": "https://tidelift.com/funding/github/npm/postcss"
        }
      ],
      "peer": true,
      "dependencies": {
        "nanoid": "^3.3.4",
        "picocolors": "^1.0.0",
        "source-map-js": "^1.0.2"
      },
      "engines": {
        "node": "^10 || ^12 || >=14"
      }
    },
    "node_modules/preact": {
      "version": "10.10.1",
      "resolved": "https://registry.npmjs.org/preact/-/preact-10.10.1.tgz",
      "integrity": "sha512-cXljG59ylGtSLismoLojXPAGvnh2ipQr3BYz9KZQr+1sdASCT+sR/v8dSMDS96xGCdtln2wHfAHCnLJK+XcBNg==",
      "funding": {
        "type": "opencollective",
        "url": "https://opencollective.com/preact"
      }
    },
    "node_modules/prismjs": {
      "version": "1.28.0",
      "resolved": "https://registry.npmjs.org/prismjs/-/prismjs-1.28.0.tgz",
      "integrity": "sha512-8aaXdYvl1F7iC7Xm1spqSaY/OJBpYW3v+KJ+F17iYxvdc8sfjW194COK5wVhMZX45tGteiBQgdvD/nhxcRwylw==",
      "engines": {
        "node": ">=6"
      }
    },
    "node_modules/regenerator-runtime": {
      "version": "0.13.9",
      "resolved": "https://registry.npmjs.org/regenerator-runtime/-/regenerator-runtime-0.13.9.tgz",
      "integrity": "sha512-p3VT+cOEgxFsRRA9X4lkI1E+k2/CtnKtU4gcxyaCUreilL/vqI6CdZ3wxVUx3UOUg+gnUOQQcRI7BmSI656MYA=="
    },
    "node_modules/scroll-into-view-if-needed": {
      "version": "2.2.29",
      "resolved": "https://registry.npmjs.org/scroll-into-view-if-needed/-/scroll-into-view-if-needed-2.2.29.tgz",
      "integrity": "sha512-hxpAR6AN+Gh53AdAimHM6C8oTN1ppwVZITihix+WqalywBeFcQ6LdQP5ABNl26nX8GTEL7VT+b8lKpdqq65wXg==",
      "dependencies": {
        "compute-scroll-into-view": "^1.0.17"
      }
    },
    "node_modules/slate": {
      "version": "0.72.8",
      "resolved": "https://registry.npmjs.org/slate/-/slate-0.72.8.tgz",
      "integrity": "sha512-/nJwTswQgnRurpK+bGJFH1oM7naD5qDmHd89JyiKNT2oOKD8marW0QSBtuFnwEbL5aGCS8AmrhXQgNOsn4osAw==",
      "dependencies": {
        "immer": "^9.0.6",
        "is-plain-object": "^5.0.0",
        "tiny-warning": "^1.0.3"
      }
    },
    "node_modules/slate-history": {
      "version": "0.66.0",
      "resolved": "https://registry.npmjs.org/slate-history/-/slate-history-0.66.0.tgz",
      "integrity": "sha512-6MWpxGQZiMvSINlCbMW43E2YBSVMCMCIwQfBzGssjWw4kb0qfvj0pIdblWNRQZD0hR6WHP+dHHgGSeVdMWzfng==",
      "dependencies": {
        "is-plain-object": "^5.0.0"
      },
      "peerDependencies": {
        "slate": ">=0.65.3"
      }
    },
    "node_modules/snabbdom": {
      "version": "3.5.1",
      "resolved": "https://registry.npmjs.org/snabbdom/-/snabbdom-3.5.1.tgz",
      "integrity": "sha512-wHMNIOjkm/YNE5EM3RCbr/+DVgPg6AqQAX1eOxO46zYNvCXjKP5Y865tqQj3EXnaMBjkxmQA5jFuDpDK/dbfiA==",
      "engines": {
        "node": ">=8.3.0"
      }
    },
    "node_modules/source-map": {
      "version": "0.6.1",
      "resolved": "https://registry.npmjs.org/source-map/-/source-map-0.6.1.tgz",
      "integrity": "sha512-UjgapumWlbMhkBgzT7Ykc5YXUT46F0iKu8SGXq0bcwP5dz/h0Plj6enJqjz1Zbq2l5WaqYnrVbwWOWMyF3F47g==",
      "peer": true,
      "engines": {
        "node": ">=0.10.0"
      }
    },
    "node_modules/source-map-js": {
      "version": "1.0.2",
      "resolved": "https://registry.npmjs.org/source-map-js/-/source-map-js-1.0.2.tgz",
      "integrity": "sha512-R0XvVJ9WusLiqTCEiGCmICCMplcCkIwwR11mOSD9CR5u+IXYdiseeEuXCVAjS54zqwkLcPNnmU4OeJ6tUrWhDw==",
      "peer": true,
      "engines": {
        "node": ">=0.10.0"
      }
    },
    "node_modules/ssr-window": {
      "version": "3.0.0",
      "resolved": "https://registry.npmjs.org/ssr-window/-/ssr-window-3.0.0.tgz",
      "integrity": "sha512-q+8UfWDg9Itrg0yWK7oe5p/XRCJpJF9OBtXfOPgSJl+u3Xd5KI328RUEvUqSMVM9CiQUEf1QdBzJMkYGErj9QA=="
    },
    "node_modules/tiny-warning": {
      "version": "1.0.3",
      "resolved": "https://registry.npmjs.org/tiny-warning/-/tiny-warning-1.0.3.tgz",
      "integrity": "sha512-lBN9zLN/oAf68o3zNXYrdCt1kP8WsiGW8Oo2ka41b2IM5JL/S1CTyX1rW0mb/zSuJun0ZUrDxx4sqvYS2FWzPA=="
    },
    "node_modules/type": {
      "version": "1.2.0",
      "resolved": "https://registry.npmjs.org/type/-/type-1.2.0.tgz",
      "integrity": "sha512-+5nt5AAniqsCnu2cEQQdpzCAh33kVx8n0VoFidKpB1dVVLAN/F+bgVOqOJqOnEnrhp222clB5p3vUlD+1QAnfg=="
    },
    "node_modules/vue": {
      "version": "2.7.8",
      "resolved": "https://registry.npmjs.org/vue/-/vue-2.7.8.tgz",
      "integrity": "sha512-ncwlZx5qOcn754bCu5/tS/IWPhXHopfit79cx+uIlLMyt3vCMGcXai5yCG5y+I6cDmEj4ukRYyZail9FTQh7lQ==",
      "peer": true,
      "dependencies": {
        "@vue/compiler-sfc": "2.7.8",
        "csstype": "^3.1.0"
      }
    },
    "node_modules/wildcard": {
      "version": "1.1.2",
      "resolved": "https://registry.npmjs.org/wildcard/-/wildcard-1.1.2.tgz",
      "integrity": "sha512-DXukZJxpHA8LuotRwL0pP1+rS6CS7FF2qStDDE1C7DDg2rLud2PXRMuEDYIPhgEezwnlHNL4c+N6MfMTjCGTng=="
    }
  },
  "dependencies": {
    "@babel/parser": {
      "version": "7.18.11",
      "resolved": "https://registry.npmjs.org/@babel/parser/-/parser-7.18.11.tgz",
      "integrity": "sha512-9JKn5vN+hDt0Hdqn1PiJ2guflwP+B6Ga8qbDuoF0PzzVhrzsKIJo8yGqVk6CmMHiMei9w1C1Bp9IMJSIK+HPIQ==",
      "peer": true
    },
    "@babel/runtime": {
      "version": "7.18.9",
      "resolved": "https://registry.npmjs.org/@babel/runtime/-/runtime-7.18.9.tgz",
      "integrity": "sha512-lkqXDcvlFT5rvEjiu6+QYO+1GXrEHRo2LOtS7E4GtX5ESIZOgepqsZBVIj6Pv+a6zqsya9VCgiK1KAK4BvJDAw==",
      "requires": {
        "regenerator-runtime": "^0.13.4"
      }
    },
    "@transloadit/prettier-bytes": {
      "version": "0.0.7",
      "resolved": "https://registry.npmjs.org/@transloadit/prettier-bytes/-/prettier-bytes-0.0.7.tgz",
      "integrity": "sha512-VeJbUb0wEKbcwaSlj5n+LscBl9IPgLPkHVGBkh00cztv6X4L/TJXK58LzFuBKX7/GAfiGhIwH67YTLTlzvIzBA=="
    },
    "@types/event-emitter": {
      "version": "0.3.3",
      "resolved": "https://registry.npmjs.org/@types/event-emitter/-/event-emitter-0.3.3.tgz",
      "integrity": "sha512-UfnOK1pIxO7P+EgPRZXD9jMpimd8QEFcEZ5R67R1UhGbv4zghU5+NE7U8M8G9H5Jc8FI51rqDWQs6FtUfq2e/Q=="
    },
    "@uppy/companion-client": {
      "version": "2.2.1",
      "resolved": "https://registry.npmjs.org/@uppy/companion-client/-/companion-client-2.2.1.tgz",
      "integrity": "sha512-Y3E10NJLMfp/wjgthNhx3gJtT67fzFCPNPFwpNNRs5iJsW6PANhJ420eyMUFzfmEZ56ZzGYxr5pzJZx8YxHICQ==",
      "requires": {
        "@uppy/utils": "^4.1.0",
        "namespace-emitter": "^2.0.1"
      }
    },
    "@uppy/core": {
      "version": "2.3.2",
      "resolved": "https://registry.npmjs.org/@uppy/core/-/core-2.3.2.tgz",
      "integrity": "sha512-CHNWn5B9trBw28SWO/BQnQzhKne/U5npSnfK9SZfnAL4A/nTFX9jrznBkmS8wulVarDpavfj8+BA9kjzExFBfg==",
      "requires": {
        "@transloadit/prettier-bytes": "0.0.7",
        "@uppy/store-default": "^2.1.0",
        "@uppy/utils": "^4.1.0",
        "lodash.throttle": "^4.1.1",
        "mime-match": "^1.0.2",
        "namespace-emitter": "^2.0.1",
        "nanoid": "^3.1.25",
        "preact": "^10.5.13"
      }
    },
    "@uppy/store-default": {
      "version": "2.1.0",
      "resolved": "https://registry.npmjs.org/@uppy/store-default/-/store-default-2.1.0.tgz",
      "integrity": "sha512-BkcR1wGw6Kwbvr8m1tKF9EDDWSTJoTGnVseBF/iW4bzR22assbtxZIE1iroo68UMqYEG4rv63SX4BUEtNvVjdA=="
    },
    "@uppy/utils": {
      "version": "4.1.0",
      "resolved": "https://registry.npmjs.org/@uppy/utils/-/utils-4.1.0.tgz",
      "integrity": "sha512-C47DUl4uLzmQZdW+VmetIgGRurXuPsvb+/pyYqh9DJn0Phep8u7AOj/tlJA5CHv4pefNHsFjXpaWfSUG3HtW3A==",
      "requires": {
        "lodash.throttle": "^4.1.1"
      }
    },
    "@uppy/xhr-upload": {
      "version": "2.1.2",
      "resolved": "https://registry.npmjs.org/@uppy/xhr-upload/-/xhr-upload-2.1.2.tgz",
      "integrity": "sha512-VCsb7J5yHsof49nnUa+Y1n27UMtqHPttQmmoCa5hmjqa9R7ZISpBkXKOQmZo526eopKNuAKSAdkHWfCm8efJTA==",
      "requires": {
        "@uppy/companion-client": "^2.2.1",
        "@uppy/utils": "^4.1.0",
        "nanoid": "^3.1.25"
      }
    },
    "@vue/compiler-sfc": {
      "version": "2.7.8",
      "resolved": "https://registry.npmjs.org/@vue/compiler-sfc/-/compiler-sfc-2.7.8.tgz",
      "integrity": "sha512-2DK4YWKfgLnW9VDR9gnju1gcYRk3flKj8UNsms7fsRmFcg35slVTZEkqwBtX+wJBXaamFfn6NxSsZh3h12Ix/Q==",
      "peer": true,
      "requires": {
        "@babel/parser": "^7.18.4",
        "postcss": "^8.4.14",
        "source-map": "^0.6.1"
      }
    },
    "@wangeditor/basic-modules": {
      "version": "1.1.3",
      "resolved": "https://registry.npmjs.org/@wangeditor/basic-modules/-/basic-modules-1.1.3.tgz",
      "integrity": "sha512-TGJix4UelO46yAgwI946ctx4lSIJbYBwNvjSJ9Tf8mKr0WMCeLVBV+MV85rXPsfcmWtR4wBNwSg648Z+RbqRUg==",
      "requires": {
        "is-url": "^1.2.4"
      }
    },
    "@wangeditor/code-highlight": {
      "version": "1.0.2",
      "resolved": "https://registry.npmjs.org/@wangeditor/code-highlight/-/code-highlight-1.0.2.tgz",
      "integrity": "sha512-SCtOcUxjKqIso/LSxGSOaYr3G6MC2En0gNTyHIMCG928T0fo0ufaqp/vIXKQzVL2Y+X/CSAOB2EbrFlgGvr0AQ==",
      "requires": {
        "prismjs": "^1.23.0"
      }
    },
    "@wangeditor/core": {
      "version": "1.1.11",
      "resolved": "https://registry.npmjs.org/@wangeditor/core/-/core-1.1.11.tgz",
      "integrity": "sha512-BwHVRJzESnkjKikTc2U2zsbd06l1pSo7qKy5+SpZLudYWrFxmd85VN+5GxM57FodogkNw/k04DFHcFSUfXcaKA==",
      "requires": {
        "@types/event-emitter": "^0.3.3",
        "event-emitter": "^0.3.5",
        "html-void-elements": "^2.0.0",
        "i18next": "^20.4.0",
        "scroll-into-view-if-needed": "^2.2.28",
        "slate-history": "^0.66.0"
      }
    },
    "@wangeditor/editor": {
      "version": "5.1.14",
      "resolved": "https://registry.npmjs.org/@wangeditor/editor/-/editor-5.1.14.tgz",
      "integrity": "sha512-erILPAkpKldyGi4cEwrOW65v12GhZy2qj2A8kPlypU46lE72Y3XowZxWogN1TI/mqMDR84AHr0QWOvygOV1xwQ==",
      "requires": {
        "@uppy/core": "^2.1.1",
        "@uppy/xhr-upload": "^2.0.3",
        "@wangeditor/basic-modules": "^1.1.3",
        "@wangeditor/code-highlight": "^1.0.2",
        "@wangeditor/core": "^1.1.11",
        "@wangeditor/list-module": "^1.0.2",
        "@wangeditor/table-module": "^1.1.1",
        "@wangeditor/upload-image-module": "^1.0.1",
        "@wangeditor/video-module": "^1.1.1",
        "dom7": "^3.0.0",
        "is-hotkey": "^0.2.0",
        "lodash.camelcase": "^4.3.0",
        "lodash.clonedeep": "^4.5.0",
        "lodash.debounce": "^4.0.8",
        "lodash.foreach": "^4.5.0",
        "lodash.isequal": "^4.5.0",
        "lodash.throttle": "^4.1.1",
        "lodash.toarray": "^4.4.0",
        "nanoid": "^3.2.0",
        "slate": "^0.72.0",
        "snabbdom": "^3.1.0"
      }
    },
    "@wangeditor/editor-for-vue": {
      "version": "1.0.2",
      "resolved": "https://registry.npmjs.org/@wangeditor/editor-for-vue/-/editor-for-vue-1.0.2.tgz",
      "integrity": "sha512-BOENvAXJVtVXlE2X50AAvjV82YlCUeu5cbeR0cvEQHQjYtiVnJtq7HSoj85r2kTgGouI5OrpJG9BBEjSjUSPyA==",
      "requires": {}
    },
    "@wangeditor/list-module": {
      "version": "1.0.2",
      "resolved": "https://registry.npmjs.org/@wangeditor/list-module/-/list-module-1.0.2.tgz",
      "integrity": "sha512-VfENZEFvsLTiLxN/cj8cibFGy9NVV+/cfATTiLiH9ef+8lgKv8apttXYVlqIAfnlJLLuCk0cIm8c/zH+hbtrZg==",
      "requires": {}
    },
    "@wangeditor/table-module": {
      "version": "1.1.1",
      "resolved": "https://registry.npmjs.org/@wangeditor/table-module/-/table-module-1.1.1.tgz",
      "integrity": "sha512-VPjEWQtncS2DsXYXiHUxPSxn2Xhc8GdhG3la7N5YhvxQde1+4N0SZLXeWsYvbGzOq4um5XToq5pktLLbE8G+EA==",
      "requires": {}
    },
    "@wangeditor/upload-image-module": {
      "version": "1.0.1",
      "resolved": "https://registry.npmjs.org/@wangeditor/upload-image-module/-/upload-image-module-1.0.1.tgz",
      "integrity": "sha512-vgUV4ENttTITblqtVuzleIq732OmzmzzgrIvX6b3GRGPSw5u8glJ/87tOEhvHjHECc4oFo18B7xzJ1GpBj79/w==",
      "requires": {}
    },
    "@wangeditor/video-module": {
      "version": "1.1.1",
      "resolved": "https://registry.npmjs.org/@wangeditor/video-module/-/video-module-1.1.1.tgz",
      "integrity": "sha512-6gzpS5cnJihW2T0HFjqmbv6v8ouyaeMUjdM2X8BPohwD74p1ov00dCmRt5QekNTyYSmRHK0ASkUMOvRGqaDxMg==",
      "requires": {}
    },
    "compute-scroll-into-view": {
      "version": "1.0.17",
      "resolved": "https://registry.npmjs.org/compute-scroll-into-view/-/compute-scroll-into-view-1.0.17.tgz",
      "integrity": "sha512-j4dx+Fb0URmzbwwMUrhqWM2BEWHdFGx+qZ9qqASHRPqvTYdqvWnHg0H1hIbcyLnvgnoNAVMlwkepyqM3DaIFUg=="
    },
    "csstype": {
      "version": "3.1.0",
      "resolved": "https://registry.npmjs.org/csstype/-/csstype-3.1.0.tgz",
      "integrity": "sha512-uX1KG+x9h5hIJsaKR9xHUeUraxf8IODOwq9JLNPq6BwB04a/xgpq3rcx47l5BZu5zBPlgD342tdke3Hom/nJRA==",
      "peer": true
    },
    "d": {
      "version": "1.0.1",
      "resolved": "https://registry.npmjs.org/d/-/d-1.0.1.tgz",
      "integrity": "sha512-m62ShEObQ39CfralilEQRjH6oAMtNCV1xJyEx5LpRYUVN+EviphDgUc/F3hnYbADmkiNs67Y+3ylmlG7Lnu+FA==",
      "requires": {
        "es5-ext": "^0.10.50",
        "type": "^1.0.1"
      }
    },
    "dom7": {
      "version": "3.0.0",
      "resolved": "https://registry.npmjs.org/dom7/-/dom7-3.0.0.tgz",
      "integrity": "sha512-oNlcUdHsC4zb7Msx7JN3K0Nro1dzJ48knvBOnDPKJ2GV9wl1i5vydJZUSyOfrkKFDZEud/jBsTk92S/VGSAe/g==",
      "requires": {
        "ssr-window": "^3.0.0-alpha.1"
      }
    },
    "es5-ext": {
      "version": "0.10.62",
      "resolved": "https://registry.npmjs.org/es5-ext/-/es5-ext-0.10.62.tgz",
      "integrity": "sha512-BHLqn0klhEpnOKSrzn/Xsz2UIW8j+cGmo9JLzr8BiUapV8hPL9+FliFqjwr9ngW7jWdnxv6eO+/LqyhJVqgrjA==",
      "requires": {
        "es6-iterator": "^2.0.3",
        "es6-symbol": "^3.1.3",
        "next-tick": "^1.1.0"
      }
    },
    "es6-iterator": {
      "version": "2.0.3",
      "resolved": "https://registry.npmjs.org/es6-iterator/-/es6-iterator-2.0.3.tgz",
      "integrity": "sha512-zw4SRzoUkd+cl+ZoE15A9o1oQd920Bb0iOJMQkQhl3jNc03YqVjAhG7scf9C5KWRU/R13Orf588uCC6525o02g==",
      "requires": {
        "d": "1",
        "es5-ext": "^0.10.35",
        "es6-symbol": "^3.1.1"
      }
    },
    "es6-symbol": {
      "version": "3.1.3",
      "resolved": "https://registry.npmjs.org/es6-symbol/-/es6-symbol-3.1.3.tgz",
      "integrity": "sha512-NJ6Yn3FuDinBaBRWl/q5X/s4koRHBrgKAu+yGI6JCBeiu3qrcbJhwT2GeR/EXVfylRk8dpQVJoLEFhK+Mu31NA==",
      "requires": {
        "d": "^1.0.1",
        "ext": "^1.1.2"
      }
    },
    "event-emitter": {
      "version": "0.3.5",
      "resolved": "https://registry.npmjs.org/event-emitter/-/event-emitter-0.3.5.tgz",
      "integrity": "sha512-D9rRn9y7kLPnJ+hMq7S/nhvoKwwvVJahBi2BPmx3bvbsEdK3W9ii8cBSGjP+72/LnM4n6fo3+dkCX5FeTQruXA==",
      "requires": {
        "d": "1",
        "es5-ext": "~0.10.14"
      }
    },
    "ext": {
      "version": "1.6.0",
      "resolved": "https://registry.npmjs.org/ext/-/ext-1.6.0.tgz",
      "integrity": "sha512-sdBImtzkq2HpkdRLtlLWDa6w4DX22ijZLKx8BMPUuKe1c5lbN6xwQDQCxSfxBQnHZ13ls/FH0MQZx/q/gr6FQg==",
      "requires": {
        "type": "^2.5.0"
      },
      "dependencies": {
        "type": {
          "version": "2.7.2",
          "resolved": "https://registry.npmjs.org/type/-/type-2.7.2.tgz",
          "integrity": "sha512-dzlvlNlt6AXU7EBSfpAscydQ7gXB+pPGsPnfJnZpiNJBDj7IaJzQlBZYGdEi4R9HmPdBv2XmWJ6YUtoTa7lmCw=="
        }
      }
    },
    "html-void-elements": {
      "version": "2.0.1",
      "resolved": "https://registry.npmjs.org/html-void-elements/-/html-void-elements-2.0.1.tgz",
      "integrity": "sha512-0quDb7s97CfemeJAnW9wC0hw78MtW7NU3hqtCD75g2vFlDLt36llsYD7uB7SUzojLMP24N5IatXf7ylGXiGG9A=="
    },
    "i18next": {
      "version": "20.6.1",
      "resolved": "https://registry.npmjs.org/i18next/-/i18next-20.6.1.tgz",
      "integrity": "sha512-yCMYTMEJ9ihCwEQQ3phLo7I/Pwycf8uAx+sRHwwk5U9Aui/IZYgQRyMqXafQOw5QQ7DM1Z+WyEXWIqSuJHhG2A==",
      "requires": {
        "@babel/runtime": "^7.12.0"
      }
    },
    "immer": {
      "version": "9.0.15",
      "resolved": "https://registry.npmjs.org/immer/-/immer-9.0.15.tgz",
      "integrity": "sha512-2eB/sswms9AEUSkOm4SbV5Y7Vmt/bKRwByd52jfLkW4OLYeaTP3EEiJ9agqU0O/tq6Dk62Zfj+TJSqfm1rLVGQ=="
    },
    "is-hotkey": {
      "version": "0.2.0",
      "resolved": "https://registry.npmjs.org/is-hotkey/-/is-hotkey-0.2.0.tgz",
      "integrity": "sha512-UknnZK4RakDmTgz4PI1wIph5yxSs/mvChWs9ifnlXsKuXgWmOkY/hAE0H/k2MIqH0RlRye0i1oC07MCRSD28Mw=="
    },
    "is-plain-object": {
      "version": "5.0.0",
      "resolved": "https://registry.npmjs.org/is-plain-object/-/is-plain-object-5.0.0.tgz",
      "integrity": "sha512-VRSzKkbMm5jMDoKLbltAkFQ5Qr7VDiTFGXxYFXXowVj387GeGNOCsOH6Msy00SGZ3Fp84b1Naa1psqgcCIEP5Q=="
    },
    "is-url": {
      "version": "1.2.4",
      "resolved": "https://registry.npmjs.org/is-url/-/is-url-1.2.4.tgz",
      "integrity": "sha512-ITvGim8FhRiYe4IQ5uHSkj7pVaPDrCTkNd3yq3cV7iZAcJdHTUMPMEHcqSOy9xZ9qFenQCvi+2wjH9a1nXqHww=="
    },
    "lodash.camelcase": {
      "version": "4.3.0",
      "resolved": "https://registry.npmjs.org/lodash.camelcase/-/lodash.camelcase-4.3.0.tgz",
      "integrity": "sha512-TwuEnCnxbc3rAvhf/LbG7tJUDzhqXyFnv3dtzLOPgCG/hODL7WFnsbwktkD7yUV0RrreP/l1PALq/YSg6VvjlA=="
    },
    "lodash.clonedeep": {
      "version": "4.5.0",
      "resolved": "https://registry.npmjs.org/lodash.clonedeep/-/lodash.clonedeep-4.5.0.tgz",
      "integrity": "sha512-H5ZhCF25riFd9uB5UCkVKo61m3S/xZk1x4wA6yp/L3RFP6Z/eHH1ymQcGLo7J3GMPfm0V/7m1tryHuGVxpqEBQ=="
    },
    "lodash.debounce": {
      "version": "4.0.8",
      "resolved": "https://registry.npmjs.org/lodash.debounce/-/lodash.debounce-4.0.8.tgz",
      "integrity": "sha512-FT1yDzDYEoYWhnSGnpE/4Kj1fLZkDFyqRb7fNt6FdYOSxlUWAtp42Eh6Wb0rGIv/m9Bgo7x4GhQbm5Ys4SG5ow=="
    },
    "lodash.foreach": {
      "version": "4.5.0",
      "resolved": "https://registry.npmjs.org/lodash.foreach/-/lodash.foreach-4.5.0.tgz",
      "integrity": "sha512-aEXTF4d+m05rVOAUG3z4vZZ4xVexLKZGF0lIxuHZ1Hplpk/3B6Z1+/ICICYRLm7c41Z2xiejbkCkJoTlypoXhQ=="
    },
    "lodash.isequal": {
      "version": "4.5.0",
      "resolved": "https://registry.npmjs.org/lodash.isequal/-/lodash.isequal-4.5.0.tgz",
      "integrity": "sha512-pDo3lu8Jhfjqls6GkMgpahsF9kCyayhgykjyLMNFTKWrpVdAQtYyB4muAMWozBB4ig/dtWAmsMxLEI8wuz+DYQ=="
    },
    "lodash.throttle": {
      "version": "4.1.1",
      "resolved": "https://registry.npmjs.org/lodash.throttle/-/lodash.throttle-4.1.1.tgz",
      "integrity": "sha512-wIkUCfVKpVsWo3JSZlc+8MB5it+2AN5W8J7YVMST30UrvcQNZ1Okbj+rbVniijTWE6FGYy4XJq/rHkas8qJMLQ=="
    },
    "lodash.toarray": {
      "version": "4.4.0",
      "resolved": "https://registry.npmjs.org/lodash.toarray/-/lodash.toarray-4.4.0.tgz",
      "integrity": "sha512-QyffEA3i5dma5q2490+SgCvDN0pXLmRGSyAANuVi0HQ01Pkfr9fuoKQW8wm1wGBnJITs/mS7wQvS6VshUEBFCw=="
    },
    "mime-match": {
      "version": "1.0.2",
      "resolved": "https://registry.npmjs.org/mime-match/-/mime-match-1.0.2.tgz",
      "integrity": "sha512-VXp/ugGDVh3eCLOBCiHZMYWQaTNUHv2IJrut+yXA6+JbLPXHglHwfS/5A5L0ll+jkCY7fIzRJcH6OIunF+c6Cg==",
      "requires": {
        "wildcard": "^1.1.0"
      }
    },
    "namespace-emitter": {
      "version": "2.0.1",
      "resolved": "https://registry.npmjs.org/namespace-emitter/-/namespace-emitter-2.0.1.tgz",
      "integrity": "sha512-N/sMKHniSDJBjfrkbS/tpkPj4RAbvW3mr8UAzvlMHyun93XEm83IAvhWtJVHo+RHn/oO8Job5YN4b+wRjSVp5g=="
    },
    "nanoid": {
      "version": "3.3.4",
      "resolved": "https://registry.npmjs.org/nanoid/-/nanoid-3.3.4.tgz",
      "integrity": "sha512-MqBkQh/OHTS2egovRtLk45wEyNXwF+cokD+1YPf9u5VfJiRdAiRwB2froX5Co9Rh20xs4siNPm8naNotSD6RBw=="
    },
    "next-tick": {
      "version": "1.1.0",
      "resolved": "https://registry.npmjs.org/next-tick/-/next-tick-1.1.0.tgz",
      "integrity": "sha512-CXdUiJembsNjuToQvxayPZF9Vqht7hewsvy2sOWafLvi2awflj9mOC6bHIg50orX8IJvWKY9wYQ/zB2kogPslQ=="
    },
    "picocolors": {
      "version": "1.0.0",
      "resolved": "https://registry.npmjs.org/picocolors/-/picocolors-1.0.0.tgz",
      "integrity": "sha512-1fygroTLlHu66zi26VoTDv8yRgm0Fccecssto+MhsZ0D/DGW2sm8E8AjW7NU5VVTRt5GxbeZ5qBuJr+HyLYkjQ==",
      "peer": true
    },
    "postcss": {
      "version": "8.4.16",
      "resolved": "https://registry.npmjs.org/postcss/-/postcss-8.4.16.tgz",
      "integrity": "sha512-ipHE1XBvKzm5xI7hiHCZJCSugxvsdq2mPnsq5+UF+VHCjiBvtDrlxJfMBToWaP9D5XlgNmcFGqoHmUn0EYEaRQ==",
      "peer": true,
      "requires": {
        "nanoid": "^3.3.4",
        "picocolors": "^1.0.0",
        "source-map-js": "^1.0.2"
      }
    },
    "preact": {
      "version": "10.10.1",
      "resolved": "https://registry.npmjs.org/preact/-/preact-10.10.1.tgz",
      "integrity": "sha512-cXljG59ylGtSLismoLojXPAGvnh2ipQr3BYz9KZQr+1sdASCT+sR/v8dSMDS96xGCdtln2wHfAHCnLJK+XcBNg=="
    },
    "prismjs": {
      "version": "1.28.0",
      "resolved": "https://registry.npmjs.org/prismjs/-/prismjs-1.28.0.tgz",
      "integrity": "sha512-8aaXdYvl1F7iC7Xm1spqSaY/OJBpYW3v+KJ+F17iYxvdc8sfjW194COK5wVhMZX45tGteiBQgdvD/nhxcRwylw=="
    },
    "regenerator-runtime": {
      "version": "0.13.9",
      "resolved": "https://registry.npmjs.org/regenerator-runtime/-/regenerator-runtime-0.13.9.tgz",
      "integrity": "sha512-p3VT+cOEgxFsRRA9X4lkI1E+k2/CtnKtU4gcxyaCUreilL/vqI6CdZ3wxVUx3UOUg+gnUOQQcRI7BmSI656MYA=="
    },
    "scroll-into-view-if-needed": {
      "version": "2.2.29",
      "resolved": "https://registry.npmjs.org/scroll-into-view-if-needed/-/scroll-into-view-if-needed-2.2.29.tgz",
      "integrity": "sha512-hxpAR6AN+Gh53AdAimHM6C8oTN1ppwVZITihix+WqalywBeFcQ6LdQP5ABNl26nX8GTEL7VT+b8lKpdqq65wXg==",
      "requires": {
        "compute-scroll-into-view": "^1.0.17"
      }
    },
    "slate": {
      "version": "0.72.8",
      "resolved": "https://registry.npmjs.org/slate/-/slate-0.72.8.tgz",
      "integrity": "sha512-/nJwTswQgnRurpK+bGJFH1oM7naD5qDmHd89JyiKNT2oOKD8marW0QSBtuFnwEbL5aGCS8AmrhXQgNOsn4osAw==",
      "requires": {
        "immer": "^9.0.6",
        "is-plain-object": "^5.0.0",
        "tiny-warning": "^1.0.3"
      }
    },
    "slate-history": {
      "version": "0.66.0",
      "resolved": "https://registry.npmjs.org/slate-history/-/slate-history-0.66.0.tgz",
      "integrity": "sha512-6MWpxGQZiMvSINlCbMW43E2YBSVMCMCIwQfBzGssjWw4kb0qfvj0pIdblWNRQZD0hR6WHP+dHHgGSeVdMWzfng==",
      "requires": {
        "is-plain-object": "^5.0.0"
      }
    },
    "snabbdom": {
      "version": "3.5.1",
      "resolved": "https://registry.npmjs.org/snabbdom/-/snabbdom-3.5.1.tgz",
      "integrity": "sha512-wHMNIOjkm/YNE5EM3RCbr/+DVgPg6AqQAX1eOxO46zYNvCXjKP5Y865tqQj3EXnaMBjkxmQA5jFuDpDK/dbfiA=="
    },
    "source-map": {
      "version": "0.6.1",
      "resolved": "https://registry.npmjs.org/source-map/-/source-map-0.6.1.tgz",
      "integrity": "sha512-UjgapumWlbMhkBgzT7Ykc5YXUT46F0iKu8SGXq0bcwP5dz/h0Plj6enJqjz1Zbq2l5WaqYnrVbwWOWMyF3F47g==",
      "peer": true
    },
    "source-map-js": {
      "version": "1.0.2",
      "resolved": "https://registry.npmjs.org/source-map-js/-/source-map-js-1.0.2.tgz",
      "integrity": "sha512-R0XvVJ9WusLiqTCEiGCmICCMplcCkIwwR11mOSD9CR5u+IXYdiseeEuXCVAjS54zqwkLcPNnmU4OeJ6tUrWhDw==",
      "peer": true
    },
    "ssr-window": {
      "version": "3.0.0",
      "resolved": "https://registry.npmjs.org/ssr-window/-/ssr-window-3.0.0.tgz",
      "integrity": "sha512-q+8UfWDg9Itrg0yWK7oe5p/XRCJpJF9OBtXfOPgSJl+u3Xd5KI328RUEvUqSMVM9CiQUEf1QdBzJMkYGErj9QA=="
    },
    "tiny-warning": {
      "version": "1.0.3",
      "resolved": "https://registry.npmjs.org/tiny-warning/-/tiny-warning-1.0.3.tgz",
      "integrity": "sha512-lBN9zLN/oAf68o3zNXYrdCt1kP8WsiGW8Oo2ka41b2IM5JL/S1CTyX1rW0mb/zSuJun0ZUrDxx4sqvYS2FWzPA=="
    },
    "type": {
      "version": "1.2.0",
      "resolved": "https://registry.npmjs.org/type/-/type-1.2.0.tgz",
      "integrity": "sha512-+5nt5AAniqsCnu2cEQQdpzCAh33kVx8n0VoFidKpB1dVVLAN/F+bgVOqOJqOnEnrhp222clB5p3vUlD+1QAnfg=="
    },
    "vue": {
      "version": "2.7.8",
      "resolved": "https://registry.npmjs.org/vue/-/vue-2.7.8.tgz",
      "integrity": "sha512-ncwlZx5qOcn754bCu5/tS/IWPhXHopfit79cx+uIlLMyt3vCMGcXai5yCG5y+I6cDmEj4ukRYyZail9FTQh7lQ==",
      "peer": true,
      "requires": {
        "@vue/compiler-sfc": "2.7.8",
        "csstype": "^3.1.0"
      }
    },
    "wildcard": {
      "version": "1.1.2",
      "resolved": "https://registry.npmjs.org/wildcard/-/wildcard-1.1.2.tgz",
      "integrity": "sha512-DXukZJxpHA8LuotRwL0pP1+rS6CS7FF2qStDDE1C7DDg2rLud2PXRMuEDYIPhgEezwnlHNL4c+N6MfMTjCGTng=="
    }
  }
}
